
Microsoft Visual Studio Solution File, Format Version 12.00
# Visual Studio 15
VisualStudioVersion = 15.0.28307.136
MinimumVisualStudioVersion = 10.0.40219.1
Project("{FAE04EC0-301F-11D3-BF4B-00C04F79EFBC}") = "oneminute9", "oneminute9\oneminute9.csproj", "{D9EB2E89-AA7F-4226-A941-8448290416D7}"
EndProject
Project("{FAE04EC0-301F-11D3-BF4B-00C04F79EFBC}") = "oneminute8", "oneminute8\oneminute8.csproj", "{6B4F961C-9390-467A-BD88-D48C0FD124F1}"
EndProject
Project("{FAE04EC0-301F-11D3-BF4B-00C04F79EFBC}") = "oneminute10", "oneminute10\oneminute10.csproj", "{87201CCE-05EC-4DE9-8459-7896856874AA}"
EndProject
Project("{FAE04EC0-301F-11D3-BF4B-00C04F79EFBC}") = "oneminute11", "oneminute11\oneminute11.csproj", "{21BA839D-D8C6-4AF7-BB8E-0BF03370D7B1}"
EndProject
Project("{FAE04EC0-301F-11D3-BF4B-00C04F79EFBC}") = "oneminute12", "oneminute12\oneminute12.csproj", "{4C4CD89A-3C71-4D8F-85EC-644F23F856B6}"
EndProject
Project("{FAE04EC0-301F-11D3-BF4B-00C04F79EFBC}") = "oneminute13", "oneminute13\oneminute13.csproj", "{66E77D56-CF3F-4637-9F20-17898A0E7F60}"
EndProject
Project("{FAE04EC0-301F-11D3-BF4B-00C04F79EFBC}") = "oneminute15", "oneminute15\oneminute15.csproj", "{F9CE1DDC-9B46-4607-9F01-7F114CF3096D}"
EndProject
Project("{FAE04EC0-301F-11D3-BF4B-00C04F79EFBC}") = "oneminute16", "oneminute16\oneminute16.csproj", "{C05BEBE6-BC80-4E53-A713-610D09DB1ADF}"
EndProject
Project("{FAE04EC0-301F-11D3-BF4B-00C04F79EFBC}") = "oneminute17", "oneminute17\oneminute17.csproj", "{4CEB426D-59B4-4EC3-AAD8-90BCFAF5D362}"
EndProject
Project("{FAE04EC0-301F-11D3-BF4B-00C04F79EFBC}") = "oneminute18", "oneminute18\oneminute18.csproj", "{ACA1E77B-101D-4F69-94B5-138B4F472ACA}"
EndProject
Project("{FAE04EC0-301F-11D3-BF4B-00C04F79EFBC}") = "oneminute19", "oneminute19\oneminute19.csproj", "{DB4578A7-9E58-4701-B33F-EB2406B5C1A1}"
EndProject
Global
	GlobalSection(SolutionConfigurationPlatforms) = preSolution
		Debug|Any CPU = Debug|Any CPU
		Release|Any CPU = Release|Any CPU
	EndGlobalSection
	GlobalSection(ProjectConfigurationPlatforms) = postSolution
		{D9EB2E89-AA7F-4226-A941-8448290416D7}.Debug|Any CPU.ActiveCfg = Debug|Any CPU
		{D9EB2E89-AA7F-4226-A941-8448290416D7}.Debug|Any CPU.Build.0 = Debug|Any CPU
		{D9EB2E89-AA7F-4226-A941-8448290416D7}.Release|Any CPU.ActiveCfg = Release|Any CPU
		{D9EB2E89-AA7F-4226-A941-8448290416D7}.Release|Any CPU.Build.0 = Release|Any CPU
		{6B4F961C-9390-467A-BD88-D48C0FD124F1}.Debug|Any CPU.ActiveCfg = Debug|Any CPU
		{6B4F961C-9390-467A-BD88-D48C0FD124F1}.Debug|Any CPU.Build.0 = Debug|Any CPU
		{6B4F961C-9390-467A-BD88-D48C0FD124F1}.Release|Any CPU.ActiveCfg = Release|Any CPU
		{6B4F961C-9390-467A-BD88-D48C0FD124F1}.Release|Any CPU.Build.0 = Release|Any CPU
		{87201CCE-05EC-4DE9-8459-7896856874AA}.Debug|Any CPU.ActiveCfg = Debug|Any CPU
		{87201CCE-05EC-4DE9-8459-7896856874AA}.Debug|Any CPU.Build.0 = Debug|Any CPU
		{87201CCE-05EC-4DE9-8459-7896856874AA}.Release|Any CPU.ActiveCfg = Release|Any CPU
		{87201CCE-05EC-4DE9-8459-7896856874AA}.Release|Any CPU.Build.0 = Release|Any CPU
		{21BA839D-D8C6-4AF7-BB8E-0BF03370D7B1}.Debug|Any CPU.ActiveCfg = Debug|Any CPU
		{21BA839D-D8C6-4AF7-BB8E-0BF03370D7B1}.Debug|Any CPU.Build.0 = Debug|Any CPU
		{21BA839D-D8C6-4AF7-BB8E-0BF03370D7B1}.Release|Any CPU.ActiveCfg = Release|Any CPU
		{21BA839D-D8C6-4AF7-BB8E-0BF03370D7B1}.Release|Any CPU.Build.0 = Release|Any CPU
		{4C4CD89A-3C71-4D8F-85EC-644F23F856B6}.Debug|Any CPU.ActiveCfg = Debug|Any CPU
		{4C4CD89A-3C71-4D8F-85EC-644F23F856B6}.Debug|Any CPU.Build.0 = Debug|Any CPU
		{4C4CD89A-3C71-4D8F-85EC-644F23F856B6}.Release|Any CPU.ActiveCfg = Release|Any CPU
		{4C4CD89A-3C71-4D8F-85EC-644F23F856B6}.Release|Any CPU.Build.0 = Release|Any CPU
		{66E77D56-CF3F-4637-9F20-17898A0E7F60}.Debug|Any CPU.ActiveCfg = Debug|Any CPU
		{66E77D56-CF3F-4637-9F20-17898A0E7F60}.Debug|Any CPU.Build.0 = Debug|Any CPU
		{66E77D56-CF3F-4637-9F20-17898A0E7F60}.Release|Any CPU.ActiveCfg = Release|Any CPU
		{66E77D56-CF3F-4637-9F20-17898A0E7F60}.Release|Any CPU.Build.0 = Release|Any CPU
		{F9CE1DDC-9B46-4607-9F01-7F114CF3096D}.Debug|Any CPU.ActiveCfg = Debug|Any CPU
		{F9CE1DDC-9B46-4607-9F01-7F114CF3096D}.Debug|Any CPU.Build.0 = Debug|Any CPU
		{F9CE1DDC-9B46-4607-9F01-7F114CF3096D}.Release|Any CPU.ActiveCfg = Release|Any CPU
		{F9CE1DDC-9B46-4607-9F01-7F114CF3096D}.Release|Any CPU.Build.0 = Release|Any CPU
		{C05BEBE6-BC80-4E53-A713-610D09DB1ADF}.Debug|Any CPU.ActiveCfg = Debug|Any CPU
		{C05BEBE6-BC80-4E53-A713-610D09DB1ADF}.Debug|Any CPU.Build.0 = Debug|Any CPU
		{C05BEBE6-BC80-4E53-A713-610D09DB1ADF}.Release|Any CPU.ActiveCfg = Release|Any CPU
		{C05BEBE6-BC80-4E53-A713-610D09DB1ADF}.Release|Any CPU.Build.0 = Release|Any CPU
		{4CEB426D-59B4-4EC3-AAD8-90BCFAF5D362}.Debug|Any CPU.ActiveCfg = Debug|Any CPU
		{4CEB426D-59B4-4EC3-AAD8-90BCFAF5D362}.Debug|Any CPU.Build.0 = Debug|Any CPU
		{4CEB426D-59B4-4EC3-AAD8-90BCFAF5D362}.Release|Any CPU.ActiveCfg = Release|Any CPU
		{4CEB426D-59B4-4EC3-AAD8-90BCFAF5D362}.Release|Any CPU.Build.0 = Release|Any CPU
		{ACA1E77B-101D-4F69-94B5-138B4F472ACA}.Debug|Any CPU.ActiveCfg = Debug|Any CPU
		{ACA1E77B-101D-4F69-94B5-138B4F472ACA}.Debug|Any CPU.Build.0 = Debug|Any CPU
		{ACA1E77B-101D-4F69-94B5-138B4F472ACA}.Release|Any CPU.ActiveCfg = Release|Any CPU
		{ACA1E77B-101D-4F69-94B5-138B4F472ACA}.Release|Any CPU.Build.0 = Release|Any CPU
		{DB4578A7-9E58-4701-B33F-EB2406B5C1A1}.Debug|Any CPU.ActiveCfg = Debug|Any CPU
		{DB4578A7-9E58-4701-B33F-EB2406B5C1A1}.Debug|Any CPU.Build.0 = Debug|Any CPU
		{DB4578A7-9E58-4701-B33F-EB2406B5C1A1}.Release|Any CPU.ActiveCfg = Release|Any CPU
		{DB4578A7-9E58-4701-B33F-EB2406B5C1A1}.Release|Any CPU.Build.0 = Release|Any CPU
	EndGlobalSection
	GlobalSection(SolutionProperties) = preSolution
		HideSolutionNode = FALSE
	EndGlobalSection
	GlobalSection(ExtensibilityGlobals) = postSolution
		SolutionGuid = {7BD9CBEF-0C5A-4B4E-B974-2FD8B087E623}
	EndGlobalSection
EndGlobal
